
Microsoft Visual Studio Solution File, Format Version 12.00
# Visual Studio Version 16
VisualStudioVersion = 16.0.31624.102
MinimumVisualStudioVersion = 10.0.40219.1
Project("{FAE04EC0-301F-11D3-BF4B-00C04F79EFBC}") = "TL-QuanMiCay-demo1", "sidebar_Menu\TL-QuanMiCay-demo1.csproj", "{1059B73D-FA96-4336-B697-5480FC360CC4}"
EndProject
Global
	GlobalSection(SolutionConfigurationPlatforms) = preSolution
		Debug|Any CPU = Debug|Any CPU
		Release|Any CPU = Release|Any CPU
	EndGlobalSection
	GlobalSection(ProjectConfigurationPlatforms) = postSolution
		{1059B73D-FA96-4336-B697-5480FC360CC4}.Debug|Any CPU.ActiveCfg = Debug|Any CPU
		{1059B73D-FA96-4336-B697-5480FC360CC4}.Debug|Any CPU.Build.0 = Debug|Any CPU
		{1059B73D-FA96-4336-B697-5480FC360CC4}.Release|Any CPU.ActiveCfg = Release|Any CPU
		{1059B73D-FA96-4336-B697-5480FC360CC4}.Release|Any CPU.Build.0 = Release|Any CPU
	EndGlobalSection
	GlobalSection(SolutionProperties) = preSolution
		HideSolutionNode = FALSE
	EndGlobalSection
	GlobalSection(ExtensibilityGlobals) = postSolution
		SolutionGuid = {6B1E39B4-4ABE-4CC9-B0CC-2F2FF4C1898C}
	EndGlobalSection
EndGlobal
